{
    "_meta": {
        "hash": {
            "sha256": "0617ba2dad5ea288c0b5b734a71efe7445e15b5783c969bb336d4007ce0d7cdf"
        },
        "pipfile-spec": 6,
        "requires": {},
        "sources": [
            {
                "url": "https://pypi.python.org/simple",
                "verify_ssl": true
            }
        ]
    },
    "default": {
        "argparse": {
            "hashes": [
                "sha256:62b089a55be1d8949cd2bc7e0df0bddb9e028faefc8c32038cc84862aefdd6e4",
                "sha256:c31647edb69fd3d465a847ea3157d37bed1f95f19760b11a47aa91c04b666314"
            ],
            "version": "==1.4.0"
        },
        "autobahn": {
            "hashes": [
                "sha256:2a32fa76a11f8aa8de482e99ad2b7a8acc8f6c0d430c48aebd4666f080e85d5c",
                "sha256:551b2d0b6f1155194543c5e089d6b3ee807bfd36a02d8e218c3f65fd6e00a8ba"
            ],
            "version": "==17.5.1"
        },
        "colorlog": {
            "hashes": [
                "sha256:188a8f47b797fdf001891b5a55263789a2fda0ba7ba4c44f12741d0a8d5e9e03",
                "sha256:229cd0794a19d8f33b2b4a4b70e1225b6c010af96c2dc8615279abbc1bb3929a"
            ],
            "version": "==2.10.0"
        },
        "six": {
            "hashes": [
                "sha256:1e61c37477a1626458e36f7b1d82aa5c9b094fa4802892072e49de9c60c4c926",
                "sha256:8abb2f1d86890a2dfb989f9a77cfcfd3e47c2a354b01111771326f8aa26e0254"
            ],
            "markers": "python_version >= '2.7' and python_version not in '3.0, 3.1, 3.2, 3.3'",
            "version": "==1.16.0"
        },
        "txaio": {
            "hashes": [
                "sha256:2e4582b70f04b2345908254684a984206c0d9b50e3074a24a4c55aba21d24d01",
                "sha256:41223af4a9d5726e645a8ee82480f413e5e300dd257db94bc38ae12ea48fb2e5"
            ],
            "markers": "python_version >= '3.6'",
            "version": "==22.2.1"
        }
    },
    "develop": {
        "flake8": {
            "hashes": [
                "sha256:83905eadba99f73fbfe966598aaf1682b3eb6755d2263c5b33a4e8367d60b0d1",
                "sha256:b907a26dcf5580753d8f80f1be0ec1d5c45b719f7bac441120793d1a70b03f12"
            ],
            "version": "==3.3.0"
        },
        "mccabe": {
            "hashes": [
                "sha256:ab8a6258860da4b6677da4bd2fe5dc2c659cff31b3ee4f7f5d64e79735b80d42",
                "sha256:dd8d182285a0fe56bace7f45b5e7d1a6ebcbf524e8f3bd87eb0f125271b8831f"
            ],
            "version": "==0.6.1"
        },
        "py": {
            "hashes": [
                "sha256:51c75c4126074b472f746a24399ad32f6053d1b34b68d2fa41e558e6f4a98719",
                "sha256:607c53218732647dff4acdfcd50cb62615cedf612e72d1724fb1a0cc6405b378"
            ],
            "markers": "python_version >= '2.7' and python_version not in '3.0, 3.1, 3.2, 3.3, 3.4'",
            "version": "==1.11.0"
        },
        "pycodestyle": {
            "hashes": [
                "sha256:682256a5b318149ca0d2a9185d365d8864a768a28db66a84a2ea946bcc426766",
                "sha256:6c4245ade1edfad79c3446fadfc96b0de2759662dc29d07d80a6f27ad1ca6ba9"
            ],
            "version": "==2.3.1"
        },
        "pyflakes": {
            "hashes": [
                "sha256:aa0d4dff45c0cc2214ba158d29280f8fa1129f3e87858ef825930845146337f4",
                "sha256:cc5eadfb38041f8366128786b4ca12700ed05bbf1403d808e89d57d67a3875a7"
            ],
            "version": "==1.5.0"
        },
        "pytest": {
            "hashes": [
                "sha256:66f332ae62593b874a648b10a8cb106bfdacd2c6288ed7dec3713c3a808a6017",
                "sha256:b70696ebd1a5e6b627e7e3ac1365a4bc60aaf3495e843c1e70448966c5224cab"
            ],
            "version": "==3.0.7"
        },
        "setuptools": {
            "hashes": [
                "sha256:d0b9a8433464d5800cbe05094acf5c6d52a91bfac9b52bcfc4d41382be5d5d31",
                "sha256:e197a19aa8ec9722928f2206f8de752def0e4c9fc6953527360d1c36d94ddb2f"
            ],
            "version": "==65.5.1"
        },
        "yapf": {
            "hashes": [
                "sha256:2459cd228ce39d7943117147edaad07d0f017123937bedd3b2e0356015d4ad3d",
                "sha256:85ed0db97f356826f6ed30511edb061be9e8c7cea7e41deb05fbd3ce2f8683fc"
            ],
            "version": "==0.16.1"
        }
    }
}
